{
  "name": "pruebaModulo",
  "lockfileVersion": 3,
  "requires": true,
  "packages": {
    "": {
      "dependencies": {
        "sumadiegopolverelli": "^1.0.0"
      }
    },
    "node_modules/colors": {
      "version": "1.4.0",
      "resolved": "https://registry.npmjs.org/colors/-/colors-1.4.0.tgz",
      "integrity": "sha512-a+UqTh4kgZg/SlGvfbzDHpgRu7AAQOmmqRHJnxhRZICKFUT91brVhNNt58CMWU9PsBbv3PDCZUHbVxuDiH2mtA==",
      "engines": {
        "node": ">=0.1.90"
      }
    },
    "node_modules/sumadiegopolverelli": {
      "version": "1.0.1",
      "resolved": "https://registry.npmjs.org/sumadiegopolverelli/-/sumadiegopolverelli-1.0.1.tgz",
      "integrity": "sha512-zoA/zsOyRiSVqdrf9coeVMiRxPQfIJ/gVLyn2fVxH1wJ7bTpM1tXzc2pXP/eYeXwBHFT+kCE16qocrJ13FYe5w==",
      "dependencies": {
        "colors": "^1.4.0"
      }
    }
  }
}
